github.com/HarryMichal/go-version v1.0.1 h1:Vgk1dPyHckkoUu0AED900+yO43+uwDuiNPsdpYe63KE=
github.com/HarryMichal/go-version v1.0.1/go.mod h1:UNoJ+GvCcmwu0F9Mu1u5y56lP5rWksgkiwLlGx3r+Pk=
github.com/NVIDIA/go-nvlib v0.7.2 h1:7sy/NVUa4sM9FLKwH6CjBfHSWrJUmv8emVyxLTzjfOA=
github.com/NVIDIA/go-nvlib v0.7.2/go.mod h1:2Kh2kYSP5IJ8EKf0/SYDzHiQKb9EJkwOf2LQzu6pXzY=
github.com/NVIDIA/go-nvml v0.12.4-1 h1:WKUvqshhWSNTfm47ETRhv0A0zJyr1ncCuHiXwoTrBEc=
github.com/NVIDIA/go-nvml v0.12.4-1/go.mod h1:8Llmj+1Rr+9VGGwZuRer5N/aCjxGuR5nPb/9ebBiIEQ=
github.com/NVIDIA/nvidia-container-toolkit v1.17.8 h1:ndE23TKvQBicsZT88mzZudygn6JNOe6+UsIgqk6gGvw=
github.com/NVIDIA/nvidia-container-toolkit v1.17.8/go.mod h1:khOgMW80+g8eX/1zPlO4demLShHht9I0YEm8ngcPgwk=
github.com/acobaugh/osrelease v0.1.0 h1:Yb59HQDGGNhCj4suHaFQQfBps5wyoKLSSX/J/+UifRE=
github.com/acobaugh/osrelease v0.1.0/go.mod h1:4bFEs0MtgHNHBrmHCt67gNisnabCRAlzdVasCEGHTWY=
github.com/blang/semver/v4 v4.0.0 h1:1PFHFE6yCCTv8C1TeyNNarDzntLi7wMI5i/pzqYIsAM=
github.com/blang/semver/v4 v4.0.0/go.mod h1:IbckMUScFkM3pff0VJDNKRiT6TG/YpiHIM2yvyW5YoQ=
github.com/briandowns/spinner v1.23.2 h1:Zc6ecUnI+YzLmJniCfDNaMbW0Wid1d5+qcTq4L2FW8w=
github.com/briandowns/spinner v1.23.2/go.mod h1:LaZeM4wm2Ywy6vO571mvhQNRcWfRUnXOs0RcKV0wYKM=
github.com/cpuguy83/go-md2man/v2 v2.0.1/go.mod h1:tgQtvFlXSQOSOSIRvRPT7W67SCa46tRHOmNcaadrF8o=
github.com/davecgh/go-spew v1.1.0/go.mod h1:J7Y8YcW2NihsgmVo/mv3lAwl/skON4iLHjSsI+c5H38=
github.com/davecgh/go-spew v1.1.1/go.mod h1:J7Y8YcW2NihsgmVo/mv3lAwl/skON4iLHjSsI+c5H38=
github.com/davecgh/go-spew v1.1.2-0.20180830191138-d8f796af33cc h1:U9qPSI2PIWSS1VwoXQT9A3Wy9MM3WgvqSxFWenqJduM=
github.com/davecgh/go-spew v1.1.2-0.20180830191138-d8f796af33cc/go.mod h1:J7Y8YcW2NihsgmVo/mv3lAwl/skON4iLHjSsI+c5H38=
github.com/docker/go-units v0.5.0 h1:69rxXcBk27SvSaaxTtLh/8llcHD8vYHT7WSdRZ/jvr4=
github.com/docker/go-units v0.5.0/go.mod h1:fgPhTUdO+D/Jk86RDLlptpiXQzgHJF7gydDDbaIK4Dk=
github.com/fatih/color v1.14.1 h1:qfhVLaG5s+nCROl1zJsZRxFeYrHLqWroPOQ8BWiNb4w=
github.com/fatih/color v1.14.1/go.mod h1:2oHN61fhTpgcxD3TSWCgKDiH1+x4OiDVVGH8WlgGZGg=
github.com/frankban/quicktest v1.14.6 h1:7Xjx+VpznH+oBnejlPUj8oUpdxnVs4f8XU8WnHkI4W8=
github.com/frankban/quicktest v1.14.6/go.mod h1:4ptaffx2x8+WTWXmUCuVU6aPUX1/Mz7zb5vbUoiM6w0=
github.com/fsnotify/fsnotify v1.8.0 h1:dAwr6QBTBZIkG8roQaJjGof0pp0EeF+tNV7YBP3F/8M=
github.com/fsnotify/fsnotify v1.8.0/go.mod h1:8jBTzvmWwFyi3Pb8djgCCO5IBqzKJ/Jwo8TRcHyHii0=
github.com/go-logfmt/logfmt v0.5.0 h1:TrB8swr/68K7m9CcGut2g3UOihhbcbiMAYiuTXdEih4=
github.com/go-logfmt/logfmt v0.5.0/go.mod h1:wCYkCAKZfumFQihp8CzCvQ3paCTfi41vtzG1KdI/P7A=
github.com/go-viper/mapstructure/v2 v2.4.0 h1:EBsztssimR/CONLSZZ04E8qAkxNYq4Qp9LvH92wZUgs=
github.com/go-viper/mapstructure/v2 v2.4.0/go.mod h1:oJDH3BJKyqBA2TXFhDsKDGDTlndYOZ6rGS0BRZIxGhM=
github.com/godbus/dbus/v5 v5.0.6 h1:mkgN1ofwASrYnJ5W6U/BxG15eXXXjirgZc7CLqkcaro=
github.com/godbus/dbus/v5 v5.0.6/go.mod h1:xhWf0FNVPg57R7Z0UbKHbJfkEywrmjJnf7w5xrFpKfA=
github.com/google/go-cmp v0.6.0 h1:ofyhxvXcZhMsU5ulbFiLKl/XBFqE1GSq7atu8tAmTRI=
github.com/google/go-cmp v0.6.0/go.mod h1:17dUlkBOakJ0+DkrSSNjCkIjxS6bF9zb3elmeNGIjoY=
github.com/google/renameio/v2 v2.0.0 h1:UifI23ZTGY8Tt29JbYFiuyIU3eX+RNFtUwefq9qAhxg=
github.com/google/renameio/v2 v2.0.0/go.mod h1:BtmJXm5YlszgC+TD4HOEEUFgkJP3nLxehU6hfe7jRt4=
github.com/google/uuid v1.3.0/go.mod h1:TIyPZe4MgqvfeYDBFedMoGGpEw/LqOeaOT+nhxU+yHo=
github.com/google/uuid v1.6.0 h1:NIvaJDMOsjHA8n1jAhLSgzrAzy1Hgr+hNrb57e+94F0=
github.com/google/uuid v1.6.0/go.mod h1:TIyPZe4MgqvfeYDBFedMoGGpEw/LqOeaOT+nhxU+yHo=
github.com/hashicorp/errwrap v1.0.0/go.mod h1:YH+1FKiLXxHSkmPseP+kNlulaMuP3n2brvKWEqk/Jc4=
github.com/hashicorp/errwrap v1.1.0 h1:OxrOeh75EUXMY8TBjag2fzXGZ40LB6IKw45YeGUDY2I=
github.com/hashicorp/errwrap v1.1.0/go.mod h1:YH+1FKiLXxHSkmPseP+kNlulaMuP3n2brvKWEqk/Jc4=
github.com/hashicorp/go-multierror v1.1.1 h1:H5DkEtf6CXdFp0N0Em5UCwQpXMWke8IA0+lD48awMYo=
github.com/hashicorp/go-multierror v1.1.1/go.mod h1:iw975J/qwKPdAO1clOe2L8331t/9/fmwbPZ6JB6eMoM=
github.com/inconshreveable/mousetrap v1.0.0 h1:Z8tu5sraLXCXIcARxBp/8cbvlwVa7Z1NHg9XEKhtSvM=
github.com/inconshreveable/mousetrap v1.0.0/go.mod h1:PxqpIevigyE2G7u3NXJIT2ANytuPF1OarO4DADm73n8=
github.com/kr/pretty v0.3.1 h1:flRD4NNwYAUpkphVc1HcthR4KEIFJ65n8Mw5qdRn3LE=
github.com/kr/pretty v0.3.1/go.mod h1:hoEshYVHaxMs3cyo3Yncou5ZscifuDolrwPKZanG3xk=
github.com/kr/text v0.2.0 h1:5Nx0Ya0ZqY2ygV366QzturHI13Jq95ApcVaJBhpS+AY=
github.com/kr/text v0.2.0/go.mod h1:eLer722TekiGuMkidMxC/pM04lWEeraHUUmBw8l2grE=
github.com/mattn/go-colorable v0.1.13 h1:fFA4WZxdEF4tXPZVKMLwD8oUnCTTo08duU7wxecdEvA=
github.com/mattn/go-colorable v0.1.13/go.mod h1:7S9/ev0klgBDR4GtXTXX8a3vIGJpMovkB8vQcUbaXHg=
github.com/mattn/go-isatty v0.0.16/go.mod h1:kYGgaQfpe5nmfYZH+SKPsOc2e4SrIfOl2e/yFXSvRLM=
github.com/mattn/go-isatty v0.0.17 h1:BTarxUcIeDqL27Mc+vyvdWYSL28zpIhv3RoTdsLMPng=
github.com/mattn/go-isatty v0.0.17/go.mod h1:kYGgaQfpe5nmfYZH+SKPsOc2e4SrIfOl2e/yFXSvRLM=
github.com/mndrix/tap-go v0.0.0-20171203230836-629fa407e90b/go.mod h1:pzzDgJWZ34fGzaAZGFW22KVZDfyrYW+QABMrWnJBnSs=
github.com/mrunalp/fileutils v0.5.0/go.mod h1:M1WthSahJixYnrXQl/DFQuteStB1weuxD2QJNHXfbSQ=
github.com/opencontainers/runtime-spec v1.0.3-0.20220825212826-86290f6a00fb/go.mod h1:jwyrGlmzljRJv/Fgzds9SsS/C5hL+LL3ko9hs6T5lQ0=
github.com/opencontainers/runtime-spec v1.2.1 h1:S4k4ryNgEpxW1dzyqffOmhI1BHYcjzU8lpJfSlR0xww=
github.com/opencontainers/runtime-spec v1.2.1/go.mod h1:jwyrGlmzljRJv/Fgzds9SsS/C5hL+LL3ko9hs6T5lQ0=
github.com/opencontainers/runtime-tools v0.9.1-0.20221107090550-2e043c6bd626 h1:DmNGcqH3WDbV5k8OJ+esPWbqUOX5rMLR2PMvziDMJi0=
github.com/opencontainers/runtime-tools v0.9.1-0.20221107090550-2e043c6bd626/go.mod h1:BRHJJd0E+cx42OybVYSgUvZmU0B8P9gZuRXlZUP7TKI=
github.com/opencontainers/selinux v1.9.1 h1:b4VPEF3O5JLZgdTDBmGepaaIbAo0GqoF6EBRq5f/g3Y=
github.com/opencontainers/selinux v1.9.1/go.mod h1:2i0OySw99QjzBBQByd1Gr9gSjvuho1lHsJxIJ3gGbJI=
github.com/pelletier/go-toml/v2 v2.2.3 h1:YmeHyLY8mFWbdkNWwpr+qIL2bEqT0o95WSdkNHvL12M=
github.com/pelletier/go-toml/v2 v2.2.3/go.mod h1:MfCQTFTvCcUyyvvwm1+G6H/jORL20Xlb6rzQu9GuUkc=
github.com/pmezard/go-difflib v1.0.0/go.mod h1:iKH77koFhYxTK1pcRnkKkqfTogsbg7gZNVY4sRDYZ/4=
github.com/pmezard/go-difflib v1.0.1-0.20181226105442-5d4384ee4fb2 h1:Jamvg5psRIccs7FGNTlIRMkT8wgtp5eCXdBlqhYGL6U=
github.com/pmezard/go-difflib v1.0.1-0.20181226105442-5d4384ee4fb2/go.mod h1:iKH77koFhYxTK1pcRnkKkqfTogsbg7gZNVY4sRDYZ/4=
github.com/rogpeppe/go-internal v1.12.0 h1:exVL4IDcn6na9z1rAb56Vxr+CgyK3nn3O+epU5NdKM8=
github.com/rogpeppe/go-internal v1.12.0/go.mod h1:E+RYuTGaKKdloAfM02xzb0FW3Paa99yedzYV+kq4uf4=
github.com/russross/blackfriday/v2 v2.1.0/go.mod h1:+Rmxgy9KzJVeS9/2gXHxylqXiyQDYRxCVz55jmeOWTM=
github.com/sagikazarmark/locafero v0.7.0 h1:5MqpDsTGNDhY8sGp0Aowyf0qKsPrhewaLSsFaodPcyo=
github.com/sagikazarmark/locafero v0.7.0/go.mod h1:2za3Cg5rMaTMoG/2Ulr9AwtFaIppKXTRYnozin4aB5k=
github.com/sirupsen/logrus v1.8.1/go.mod h1:yWOB1SBYBC5VeMP7gHvWumXLIWorT60ONWic61uBYv0=
github.com/sirupsen/logrus v1.9.3 h1:dueUQJ1C2q9oE3F7wvmSGAaVtTmUizReu6fjN8uqzbQ=
github.com/sirupsen/logrus v1.9.3/go.mod h1:naHLuLoDiP4jHNo9R0sCBMtWGeIprob74mVsIT4qYEQ=
github.com/sourcegraph/conc v0.3.0 h1:OQTbbt6P72L20UqAkXXuLOj79LfEanQ+YQFNpLA9ySo=
github.com/sourcegraph/conc v0.3.0/go.mod h1:Sdozi7LEKbFPqYX2/J+iBAM6HpqSLTASQIKqDmF7Mt0=
github.com/spf13/afero v1.12.0 h1:UcOPyRBYczmFn6yvphxkn9ZEOY65cpwGKb5mL36mrqs=
github.com/spf13/afero v1.12.0/go.mod h1:ZTlWwG4/ahT8W7T0WQ5uYmjI9duaLQGy3Q2OAl4sk/4=
github.com/spf13/cast v1.7.1 h1:cuNEagBQEHWN1FnbGEjCXL2szYEXqfJPbP2HNUaca9Y=
github.com/spf13/cast v1.7.1/go.mod h1:ancEpBxwJDODSW/UG4rDrAqiKolqNNh2DX3mk86cAdo=
github.com/spf13/cobra v1.4.0 h1:y+wJpx64xcgO1V+RcnwW0LEHxTKRi2ZDPSBjWnrg88Q=
github.com/spf13/cobra v1.4.0/go.mod h1:Wo4iy3BUC+X2Fybo0PDqwJIv3dNRiZLHQymsfxlB84g=
github.com/spf13/pflag v1.0.5/go.mod h1:McXfInJRrz4CZXVZOBLb0bTZqETkiAhM9Iw0y3An2Bg=
github.com/spf13/pflag v1.0.6 h1:jFzHGLGAlb3ruxLB8MhbI6A8+AQX/2eW4qeyNZXNp2o=
github.com/spf13/pflag v1.0.6/go.mod h1:McXfInJRrz4CZXVZOBLb0bTZqETkiAhM9Iw0y3An2Bg=
github.com/spf13/viper v1.20.1 h1:ZMi+z/lvLyPSCoNtFCpqjy0S4kPbirhpTMwl8BkW9X4=
github.com/spf13/viper v1.20.1/go.mod h1:P9Mdzt1zoHIG8m2eZQinpiBjo6kCmZSKBClNNqjJvu4=
github.com/stretchr/objx v0.1.0/go.mod h1:HFkY916IF+rwdDfMAkV7OtwuqBVzrE8GR6GFx+wExME=
github.com/stretchr/testify v1.2.2/go.mod h1:a8OnRcib4nhh0OaRAV+Yts87kKdq0PP7pXfy6kDkUVs=
github.com/stretchr/testify v1.3.0/go.mod h1:M5WIy9Dh21IEIfnGCwXGc5bZfKNJtfHm1UVUgZn+9EI=
github.com/stretchr/testify v1.7.0/go.mod h1:6Fq8oRcR53rry900zMqJjRRixrwX3KX962/h/Wwjteg=
github.com/stretchr/testify v1.10.0 h1:Xv5erBjTwe/5IxqUQTdXv5kgmIvbHo3QQyRwhJsOfJA=
github.com/stretchr/testify v1.10.0/go.mod h1:r2ic/lqez/lEtzL7wO/rwa5dbSLXVDPFyf8C91i36aY=
github.com/subosito/gotenv v1.6.0 h1:9NlTDc1FTs4qu0DDq7AEtTPNw6SVm7uBMsUCUjABIf8=
github.com/subosito/gotenv v1.6.0/go.mod h1:Dk4QP5c2W3ibzajGcXpNraDfq2IrhjMIvMSWPKKo0FU=
github.com/syndtr/gocapability v0.0.0-20200815063812-42c35b437635 h1:kdXcSzyDtseVEc4yCz2qF8ZrQvIDBJLl4S1c3GCXmoI=
github.com/syndtr/gocapability v0.0.0-20200815063812-42c35b437635/go.mod h1:hkRG7XYTFWNJGYcbNJQlaLq0fg1yr4J4t/NcTQtrfww=
github.com/urfave/cli v1.19.1/go.mod h1:70zkFmudgCuE/ngEzBv17Jvp/497gISqfk5gWijbERA=
github.com/xeipuuv/gojsonpointer v0.0.0-20180127040702-4e3ac2762d5f/go.mod h1:N2zxlSyiKSe5eX1tZViRH5QA0qijqEDrYZiPEAiq3wU=
github.com/xeipuuv/gojsonpointer v0.0.0-20190905194746-02993c407bfb h1:zGWFAtiMcyryUHoUjUJX0/lt1H2+i2Ka2n+D3DImSNo=
github.com/xeipuuv/gojsonpointer v0.0.0-20190905194746-02993c407bfb/go.mod h1:N2zxlSyiKSe5eX1tZViRH5QA0qijqEDrYZiPEAiq3wU=
github.com/xeipuuv/gojsonreference v0.0.0-20180127040603-bd5ef7bd5415 h1:EzJWgHovont7NscjpAxXsDA8S8BMYve8Y5+7cuRE7R0=
github.com/xeipuuv/gojsonreference v0.0.0-20180127040603-bd5ef7bd5415/go.mod h1:GwrjFmJcFw6At/Gs6z4yjiIwzuJ1/+UwLxMQDVQXShQ=
github.com/xeipuuv/gojsonschema v1.2.0 h1:LhYJRs+L4fBtjZUfuSZIKGeVu0QRy8e5Xi7D17UxZ74=
github.com/xeipuuv/gojsonschema v1.2.0/go.mod h1:anYRn/JVcOK2ZgGU+IjEV4nwlhoK5sQluxsYJ78Id3Y=
go.uber.org/atomic v1.9.0 h1:ECmE8Bn/WFTYwEW/bpKD3M8VtR/zQVbavAoalC1PYyE=
go.uber.org/atomic v1.9.0/go.mod h1:fEN4uk6kAWBTFdckzkM89CLk9XfWZrxpCo0nPH17wJc=
go.uber.org/multierr v1.9.0 h1:7fIwc/ZtS0q++VgcfqFDxSBZVv/Xo49/SYnDFupUwlI=
go.uber.org/multierr v1.9.0/go.mod h1:X2jQV1h+kxSjClGpnseKVIxpmcjrj7MNnI0bnlfKTVQ=
golang.org/x/mod v0.20.0 h1:utOm6MM3R3dnawAiJgn0y+xvuYRsm1RKM/4giyfDgV0=
golang.org/x/mod v0.20.0/go.mod h1:hTbmBsO62+eylJbnUtE2MGJUyE7QWk4xUqPFrRgJ+7c=
golang.org/x/sys v0.0.0-20191026070338-33540a1f6037/go.mod h1:h1NjWce9XRLGQEsW7wpKNCjG9DtNlClVuFLEZdDNbEs=
golang.org/x/sys v0.0.0-20191115151921-52ab43148777/go.mod h1:h1NjWce9XRLGQEsW7wpKNCjG9DtNlClVuFLEZdDNbEs=
golang.org/x/sys v0.0.0-20220715151400-c0bba94af5f8/go.mod h1:oPkhp1MJrh7nUepCBck5+mAzfO9JrbApNNgaTdGDITg=
golang.org/x/sys v0.0.0-20220811171246-fbc7d0a398ab/go.mod h1:oPkhp1MJrh7nUepCBck5+mAzfO9JrbApNNgaTdGDITg=
golang.org/x/sys v0.29.0 h1:TPYlXGxvx1MGTn2GiZDhnjPA9wZzZeGKHHmKhHYvgaU=
golang.org/x/sys v0.29.0/go.mod h1:/VUhepiaJMQUp4+oa/7Zr1D23ma6VTLIYjOOTFZPUcA=
golang.org/x/term v0.1.0 h1:g6Z6vPFA9dYBAF7DWcH6sCcOntplXsDKcliusYijMlw=
golang.org/x/term v0.1.0/go.mod h1:jbD1KX2456YbFQfuXm/mYQcufACuNUgVhRMnK/tPxf8=
golang.org/x/text v0.21.0 h1:zyQAAkrwaneQ066sspRyJaG9VNi/YJ1NfzcGB3hZ/qo=
golang.org/x/text v0.21.0/go.mod h1:4IBbMaMmOPCJ8SecivzSH54+73PCFmPWxNTLm+vZkEQ=
gopkg.in/check.v1 v0.0.0-20161208181325-20d25e280405/go.mod h1:Co6ibVJAznAaIkqp8huTwlJQCZ016jof/cbN4VW5Yz0=
gopkg.in/check.v1 v1.0.0-20201130134442-10cb98267c6c h1:Hei/4ADfdWqJk1ZMxUNpqntNwaWcugrBjAiHlqqRiVk=
gopkg.in/check.v1 v1.0.0-20201130134442-10cb98267c6c/go.mod h1:JHkPIbrfpd72SG/EVd6muEfDQjcINNoR0C8j2r3qZ4Q=
gopkg.in/yaml.v2 v2.4.0 h1:D8xgwECY7CYvx+Y2n4sBz93Jn9JRvxdiyyo8CTfuKaY=
gopkg.in/yaml.v2 v2.4.0/go.mod h1:RDklbk79AGWmwhnvt/jBztapEOGDOx6ZbXqjP6csGnQ=
gopkg.in/yaml.v3 v3.0.0-20200313102051-9f266ea9e77c/go.mod h1:K4uyk7z7BCEPqu6E+C64Yfv1cQ7kz7rIZviUmN+EgEM=
gopkg.in/yaml.v3 v3.0.1 h1:fxVm/GzAzEWqLHuvctI91KS9hhNmmWOoWu0XTYJS7CA=
gopkg.in/yaml.v3 v3.0.1/go.mod h1:K4uyk7z7BCEPqu6E+C64Yfv1cQ7kz7rIZviUmN+EgEM=
sigs.k8s.io/yaml v1.3.0 h1:a2VclLzOGrwOHDiV8EfBGhvjHvP46CtW5j6POvhYGGo=
sigs.k8s.io/yaml v1.3.0/go.mod h1:GeOyir5tyXNByN85N/dRIT9es5UQNerPYEKK56eTBm8=
tags.cncf.io/container-device-interface v0.8.1 h1:c0jN4Mt6781jD67NdPajmZlD1qrqQyov/Xfoab37lj0=
tags.cncf.io/container-device-interface v0.8.1/go.mod h1:Apb7N4VdILW0EVdEMRYXIDVRZfNJZ+kmEUss2kRRQ6Y=
tags.cncf.io/container-device-interface/specs-go v0.8.0 h1:QYGFzGxvYK/ZLMrjhvY0RjpUavIn4KcmRmVP/JjdBTA=
tags.cncf.io/container-device-interface/specs-go v0.8.0/go.mod h1:BhJIkjjPh4qpys+qm4DAYtUyryaTDg9zris+AczXyws=
